
Microsoft Visual Studio Solution File, Format Version 12.00
# Visual Studio Version 17
VisualStudioVersion = 17.7.34003.232
MinimumVisualStudioVersion = 10.0.40219.1
Project("{9A19103F-16F7-4668-BE54-9A1E7A4F7556}") = "CallFromWeb", "CallFromWeb\CallFromWeb.csproj", "{7024C885-963C-4E1C-ABB4-3578CE6DC8FD}"
EndProject
Project("{2150E333-8FDC-42A3-9474-1A3956D46DE8}") = "installer", "installer", "{48035F1D-57DC-4CBE-80D5-9192D83FC6CF}"
	ProjectSection(SolutionItems) = preProject
		installer\call-from-web-installer.nsi = installer\call-from-web-installer.nsi
		installer\LICENSE = installer\LICENSE
	EndProjectSection
EndProject
Global
	GlobalSection(SolutionConfigurationPlatforms) = preSolution
		Debug|Any CPU = Debug|Any CPU
		Release|Any CPU = Release|Any CPU
	EndGlobalSection
	GlobalSection(ProjectConfigurationPlatforms) = postSolution
		{7024C885-963C-4E1C-ABB4-3578CE6DC8FD}.Debug|Any CPU.ActiveCfg = Debug|Any CPU
		{7024C885-963C-4E1C-ABB4-3578CE6DC8FD}.Debug|Any CPU.Build.0 = Debug|Any CPU
		{7024C885-963C-4E1C-ABB4-3578CE6DC8FD}.Release|Any CPU.ActiveCfg = Release|Any CPU
		{7024C885-963C-4E1C-ABB4-3578CE6DC8FD}.Release|Any CPU.Build.0 = Release|Any CPU
	EndGlobalSection
	GlobalSection(SolutionProperties) = preSolution
		HideSolutionNode = FALSE
	EndGlobalSection
	GlobalSection(ExtensibilityGlobals) = postSolution
		SolutionGuid = {11DF1FF8-3778-4421-8700-6C6B2F6D77D4}
	EndGlobalSection
EndGlobal
